
Microsoft Visual Studio Solution File, Format Version 12.00
# Visual Studio Version 17
VisualStudioVersion = 17.8.34330.188
MinimumVisualStudioVersion = 10.0.40219.1
Project("{888888A0-9F3D-457C-B088-3A5042F75D52}") = "Szyfrowanie", "Szyfrowanie.pyproj", "{59B110D7-B970-4AD9-A083-A48FA5EE9FAD}"
EndProject
Global
	GlobalSection(SolutionConfigurationPlatforms) = preSolution
		Debug|Any CPU = Debug|Any CPU
		Release|Any CPU = Release|Any CPU
	EndGlobalSection
	GlobalSection(ProjectConfigurationPlatforms) = postSolution
		{59B110D7-B970-4AD9-A083-A48FA5EE9FAD}.Debug|Any CPU.ActiveCfg = Debug|Any CPU
		{59B110D7-B970-4AD9-A083-A48FA5EE9FAD}.Debug|Any CPU.Build.0 = Debug|Any CPU
		{59B110D7-B970-4AD9-A083-A48FA5EE9FAD}.Release|Any CPU.ActiveCfg = Release|Any CPU
		{59B110D7-B970-4AD9-A083-A48FA5EE9FAD}.Release|Any CPU.Build.0 = Release|Any CPU
	EndGlobalSection
	GlobalSection(SolutionProperties) = preSolution
		HideSolutionNode = FALSE
	EndGlobalSection
	GlobalSection(ExtensibilityGlobals) = postSolution
		SolutionGuid = {6DF2F6A0-96ED-4F01-A45A-89E858F00D84}
	EndGlobalSection
EndGlobal
